{
  "name": "uispec",
  "version": "1.0.0",
  "lockfileVersion": 1,
  "requires": true,
  "dependencies": {
    "lodash": {
      "version": "4.17.11",
      "resolved": "https://registry.npmjs.org/lodash/-/lodash-4.17.11.tgz",
      "integrity": "sha512-cQKh8igo5QUhZ7lg38DYWAxMvjSAKG0A8wGSVimP07SIUEK2UO+arSRKbRZWtelMtN5V0Hkwh5ryOto/SshYIg=="
    },
    "marked": {
      "version": "0.5.1",
      "resolved": "https://registry.npmjs.org/marked/-/marked-0.5.1.tgz",
      "integrity": "sha512-iUkBZegCZou4AdwbKTwSW/lNDcz5OuRSl3qdcl31Ia0B2QPG0Jn+tKblh/9/eP9/6+4h27vpoh8wel/vQOV0vw=="
    },
    "parseurl": {
      "version": "1.3.2",
      "resolved": "https://registry.npmjs.org/parseurl/-/parseurl-1.3.2.tgz",
      "integrity": "sha1-/CidTtiZMRlGDBViUyYs3I3mW/M="
    }
  }
}
